
Microsoft Visual Studio Solution File, Format Version 12.00
# Visual Studio Version 16
VisualStudioVersion = 16.0.32413.511
MinimumVisualStudioVersion = 10.0.40219.1
Project("{FAE04EC0-301F-11D3-BF4B-00C04F79EFBC}") = "Klasa_String", "Klasa_String\Klasa_String.csproj", "{C54587CD-0A43-414B-A453-8317CAFD780B}"
EndProject
Global
	GlobalSection(SolutionConfigurationPlatforms) = preSolution
		Debug|Any CPU = Debug|Any CPU
		Release|Any CPU = Release|Any CPU
	EndGlobalSection
	GlobalSection(ProjectConfigurationPlatforms) = postSolution
		{C54587CD-0A43-414B-A453-8317CAFD780B}.Debug|Any CPU.ActiveCfg = Debug|Any CPU
		{C54587CD-0A43-414B-A453-8317CAFD780B}.Debug|Any CPU.Build.0 = Debug|Any CPU
		{C54587CD-0A43-414B-A453-8317CAFD780B}.Release|Any CPU.ActiveCfg = Release|Any CPU
		{C54587CD-0A43-414B-A453-8317CAFD780B}.Release|Any CPU.Build.0 = Release|Any CPU
	EndGlobalSection
	GlobalSection(SolutionProperties) = preSolution
		HideSolutionNode = FALSE
	EndGlobalSection
	GlobalSection(ExtensibilityGlobals) = postSolution
		SolutionGuid = {FDCDB001-A2A2-44E9-BBC7-7D9A396352DB}
	EndGlobalSection
EndGlobal
